{
  "originHash" : "b0764dcb3e0c23762fc968d05d384a7e5d6de09ccc5676cac3a947fe0609c46b",
  "pins" : [
    {
      "identity" : "cryokit",
      "kind" : "remoteSourceControl",
      "location" : "https://github.com/fluhartyml/CryoKit.git",
      "state" : {
        "branch" : "main",
        "revision" : "5e739f8f6f1b4132d554d65b2fa19e721e52aaa8"
      }
    }
  ],
  "version" : 3
}
